
Microsoft Visual Studio Solution File, Format Version 12.00
# Visual Studio Version 16
VisualStudioVersion = 16.0.30711.63
MinimumVisualStudioVersion = 10.0.40219.1
Project("{FAE04EC0-301F-11D3-BF4B-00C04F79EFBC}") = "Project-Backend", "Project-Backend\Project-Backend.csproj", "{1DEFEF49-2D88-4839-9AB7-660D46D48A34}"
EndProject
Global
	GlobalSection(SolutionConfigurationPlatforms) = preSolution
		Debug|Any CPU = Debug|Any CPU
		Release|Any CPU = Release|Any CPU
	EndGlobalSection
	GlobalSection(ProjectConfigurationPlatforms) = postSolution
		{1DEFEF49-2D88-4839-9AB7-660D46D48A34}.Debug|Any CPU.ActiveCfg = Debug|Any CPU
		{1DEFEF49-2D88-4839-9AB7-660D46D48A34}.Debug|Any CPU.Build.0 = Debug|Any CPU
		{1DEFEF49-2D88-4839-9AB7-660D46D48A34}.Release|Any CPU.ActiveCfg = Release|Any CPU
		{1DEFEF49-2D88-4839-9AB7-660D46D48A34}.Release|Any CPU.Build.0 = Release|Any CPU
	EndGlobalSection
	GlobalSection(SolutionProperties) = preSolution
		HideSolutionNode = FALSE
	EndGlobalSection
	GlobalSection(ExtensibilityGlobals) = postSolution
		SolutionGuid = {0B7121D2-689F-4E85-9B65-345955B22B4B}
	EndGlobalSection
EndGlobal
