
Microsoft Visual Studio Solution File, Format Version 12.00
# Visual Studio Version 16
VisualStudioVersion = 16.0.30907.101
MinimumVisualStudioVersion = 10.0.40219.1
Project("{FAE04EC0-301F-11D3-BF4B-00C04F79EFBC}") = "ProjectBackend", "ProjectBackend.csproj", "{CD5B2E53-7B53-47BD-803D-0AA4AE8613A0}"
EndProject
Global
	GlobalSection(SolutionConfigurationPlatforms) = preSolution
		Debug|Any CPU = Debug|Any CPU
		Release|Any CPU = Release|Any CPU
	EndGlobalSection
	GlobalSection(ProjectConfigurationPlatforms) = postSolution
		{CD5B2E53-7B53-47BD-803D-0AA4AE8613A0}.Debug|Any CPU.ActiveCfg = Debug|Any CPU
		{CD5B2E53-7B53-47BD-803D-0AA4AE8613A0}.Debug|Any CPU.Build.0 = Debug|Any CPU
		{CD5B2E53-7B53-47BD-803D-0AA4AE8613A0}.Release|Any CPU.ActiveCfg = Release|Any CPU
		{CD5B2E53-7B53-47BD-803D-0AA4AE8613A0}.Release|Any CPU.Build.0 = Release|Any CPU
	EndGlobalSection
	GlobalSection(SolutionProperties) = preSolution
		HideSolutionNode = FALSE
	EndGlobalSection
	GlobalSection(ExtensibilityGlobals) = postSolution
		SolutionGuid = {77647074-4F8F-494D-AC83-9B07D826E328}
	EndGlobalSection
EndGlobal
